
Microsoft Visual Studio Solution File, Format Version 12.00
# Visual Studio 15
VisualStudioVersion = 15.0.26430.13
MinimumVisualStudioVersion = 10.0.40219.1
Project("{FAE04EC0-301F-11D3-BF4B-00C04F79EFBC}") = "LoginWeb", "LoginWeb\LoginWeb.csproj", "{B082624A-F308-424F-81F3-D256BDCF2199}"
EndProject
Project("{FAE04EC0-301F-11D3-BF4B-00C04F79EFBC}") = "WebApi1", "WebApi1\WebApi1.csproj", "{C8122508-2402-46F5-B187-C25384801278}"
EndProject
Project("{FAE04EC0-301F-11D3-BF4B-00C04F79EFBC}") = "ConsoleClient", "ConsoleClient\ConsoleClient.csproj", "{67B3B0BE-8AB9-41BF-88AC-8B9B53FBD2E0}"
EndProject
Global
	GlobalSection(SolutionConfigurationPlatforms) = preSolution
		Debug|Any CPU = Debug|Any CPU
		Release|Any CPU = Release|Any CPU
	EndGlobalSection
	GlobalSection(ProjectConfigurationPlatforms) = postSolution
		{B082624A-F308-424F-81F3-D256BDCF2199}.Debug|Any CPU.ActiveCfg = Debug|Any CPU
		{B082624A-F308-424F-81F3-D256BDCF2199}.Debug|Any CPU.Build.0 = Debug|Any CPU
		{B082624A-F308-424F-81F3-D256BDCF2199}.Release|Any CPU.ActiveCfg = Release|Any CPU
		{B082624A-F308-424F-81F3-D256BDCF2199}.Release|Any CPU.Build.0 = Release|Any CPU
		{C8122508-2402-46F5-B187-C25384801278}.Debug|Any CPU.ActiveCfg = Debug|Any CPU
		{C8122508-2402-46F5-B187-C25384801278}.Debug|Any CPU.Build.0 = Debug|Any CPU
		{C8122508-2402-46F5-B187-C25384801278}.Release|Any CPU.ActiveCfg = Release|Any CPU
		{C8122508-2402-46F5-B187-C25384801278}.Release|Any CPU.Build.0 = Release|Any CPU
		{67B3B0BE-8AB9-41BF-88AC-8B9B53FBD2E0}.Debug|Any CPU.ActiveCfg = Debug|Any CPU
		{67B3B0BE-8AB9-41BF-88AC-8B9B53FBD2E0}.Debug|Any CPU.Build.0 = Debug|Any CPU
		{67B3B0BE-8AB9-41BF-88AC-8B9B53FBD2E0}.Release|Any CPU.ActiveCfg = Release|Any CPU
		{67B3B0BE-8AB9-41BF-88AC-8B9B53FBD2E0}.Release|Any CPU.Build.0 = Release|Any CPU
	EndGlobalSection
	GlobalSection(SolutionProperties) = preSolution
		HideSolutionNode = FALSE
	EndGlobalSection
EndGlobal
